<?xml version="1.0" encoding="utf-8"?>
<Project ToolsVersion="4.0" xmlns="http://schemas.microsoft.com/developer/msbuild/2003">
  <ItemGroup>
    <Filter Include="MKEngine">
      <UniqueIdentifier>{53E1C4C1-3FAE-1FCD-68C7-0D7554F3545B}</UniqueIdentifier>
    </Filter>
    <Filter Include="MKEngine\Core">
      <UniqueIdentifier>{8BD10E1A-F791-8A50-C0CC-D3CD2C4CCF2C}</UniqueIdentifier>
    </Filter>
    <Filter Include="MKEngine\Platform">
      <UniqueIdentifier>{074BED32-7361-EBC8-BCD8-76EA282EBC50}</UniqueIdentifier>
    </Filter>
  </ItemGroup>
  <ItemGroup>
    <ClInclude Include="src\MKEngine\Core\Log.h">
      <Filter>MKEngine\Core</Filter>
    </ClInclude>
    <ClInclude Include="src\MKEngine\Core\core.h">
      <Filter>MKEngine\Core</Filter>
    </ClInclude>
    <ClInclude Include="src\MKEngine\Core\entryPoint.h">
      <Filter>MKEngine\Core</Filter>
    </ClInclude>
    <ClInclude Include="src\MKEngine\Platform\Application.h">
      <Filter>MKEngine\Platform</Filter>
    </ClInclude>
    <ClInclude Include="src\mkengine.h" />
    <ClInclude Include="src\mkpch.h" />
  </ItemGroup>
  <ItemGroup>
    <ClCompile Include="src\MKEngine\Core\Log.cpp">
      <Filter>MKEngine\Core</Filter>
    </ClCompile>
    <ClCompile Include="src\MKEngine\Platform\Application.cpp">
      <Filter>MKEngine\Platform</Filter>
    </ClCompile>
    <ClCompile Include="src\mkpch.cpp" />
  </ItemGroup>
</Project>