<?xml version="1.0" encoding="utf-8"?>
<Project ToolsVersion="4.0" xmlns="http://schemas.microsoft.com/developer/msbuild/2003">
  <ItemGroup>
    <Filter Include="MKEngine">
      <UniqueIdentifier>{53E1C4C1-3FAE-1FCD-68C7-0D7554F3545B}</UniqueIdentifier>
    </Filter>
    <Filter Include="MKEngine\Core">
      <UniqueIdentifier>{8BD10E1A-F791-8A50-C0CC-D3CD2C4CCF2C}</UniqueIdentifier>
    </Filter>
    <Filter Include="MKEngine\Events">
      <UniqueIdentifier>{D7712BDE-43FD-98A2-4C0E-1C97B818F5A2}</UniqueIdentifier>
    </Filter>
    <Filter Include="MKEngine\Input">
      <UniqueIdentifier>{9203555C-7ED1-4862-6765-B98853D224C7}</UniqueIdentifier>
    </Filter>
    <Filter Include="MKEngine\Platform">
      <UniqueIdentifier>{074BED32-7361-EBC8-BCD8-76EA282EBC50}</UniqueIdentifier>
    </Filter>
    <Filter Include="MKEngine\Platform\RendererAPI">
      <UniqueIdentifier>{87969315-F3AE-7A3F-BC5B-0AD928330FD9}</UniqueIdentifier>
    </Filter>
    <Filter Include="MKEngine\Platform\SDLbackend">
      <UniqueIdentifier>{E10D2749-CDC8-16F5-7680-8F3F621A6185}</UniqueIdentifier>
    </Filter>
    <Filter Include="MKEngine\WindowsManager">
      <UniqueIdentifier>{C8D40432-340C-4DC9-3D16-B1ECA9CC73C2}</UniqueIdentifier>
    </Filter>
  </ItemGroup>
  <ItemGroup>
    <ClInclude Include="src\MKEngine\Core\Application.h">
      <Filter>MKEngine\Core</Filter>
    </ClInclude>
    <ClInclude Include="src\MKEngine\Core\Layer.h">
      <Filter>MKEngine\Core</Filter>
    </ClInclude>
    <ClInclude Include="src\MKEngine\Core\LayerStack.h">
      <Filter>MKEngine\Core</Filter>
    </ClInclude>
    <ClInclude Include="src\MKEngine\Core\Log.h">
      <Filter>MKEngine\Core</Filter>
    </ClInclude>
    <ClInclude Include="src\MKEngine\Core\core.h">
      <Filter>MKEngine\Core</Filter>
    </ClInclude>
    <ClInclude Include="src\MKEngine\Core\entryPoint.h">
      <Filter>MKEngine\Core</Filter>
    </ClInclude>
    <ClInclude Include="src\MKEngine\Events\Event.h">
      <Filter>MKEngine\Events</Filter>
    </ClInclude>
    <ClInclude Include="src\MKEngine\Events\EventDispatcher.h">
      <Filter>MKEngine\Events</Filter>
    </ClInclude>
    <ClInclude Include="src\MKEngine\Events\EventSystem.h">
      <Filter>MKEngine\Events</Filter>
    </ClInclude>
    <ClInclude Include="src\MKEngine\Events\MouseEvent.h">
      <Filter>MKEngine\Events</Filter>
    </ClInclude>
    <ClInclude Include="src\MKEngine\Events\WindowEvent.h">
      <Filter>MKEngine\Events</Filter>
    </ClInclude>
    <ClInclude Include="src\MKEngine\Input\KeyCode.h">
      <Filter>MKEngine\Input</Filter>
    </ClInclude>
    <ClInclude Include="src\MKEngine\Input\MouseCode.h">
      <Filter>MKEngine\Input</Filter>
    </ClInclude>
    <ClInclude Include="src\MKEngine\Platform\PlatformBackend.h">
      <Filter>MKEngine\Platform</Filter>
    </ClInclude>
    <ClInclude Include="src\MKEngine\Platform\RendererAPI.h">
      <Filter>MKEngine\Platform</Filter>
    </ClInclude>
    <ClInclude Include="src\MKEngine\Platform\RendererAPI\OpenGLRendererAPI.h">
      <Filter>MKEngine\Platform\RendererAPI</Filter>
    </ClInclude>
    <ClInclude Include="src\MKEngine\Platform\SDLbackend\SDLBackend.h">
      <Filter>MKEngine\Platform\SDLbackend</Filter>
    </ClInclude>
    <ClInclude Include="src\MKEngine\Platform\Window.h">
      <Filter>MKEngine\Platform</Filter>
    </ClInclude>
    <ClInclude Include="src\MKEngine\Platform\WindowSettings.h">
      <Filter>MKEngine\Platform</Filter>
    </ClInclude>
    <ClInclude Include="src\MKEngine\WindowsManager\WindowsManagerLayer.h">
      <Filter>MKEngine\WindowsManager</Filter>
    </ClInclude>
    <ClInclude Include="src\mkengine.h" />
    <ClInclude Include="src\mkpch.h" />
    <ClInclude Include="src\MKEngine\Content\contentPipeline.h" />
    <ClInclude Include="src\MKEngine\Platform\RendererAPI\Vulkan\device.h" />
    <ClInclude Include="src\MKEngine\Platform\RendererAPI\VulkanRendererAPI.h" />
    <ClInclude Include="src\MKEngine\Platform\RendererAPI\Vulkan\vkExtern.h" />
    <ClInclude Include="src\MKEngine\Platform\RendererAPI\Vulkan\swapChain.h" />
    <ClInclude Include="src\MKEngine\Platform\RendererAPI\Vulkan\presentView.h" />
  </ItemGroup>
  <ItemGroup>
    <ClCompile Include="src\MKEngine\Core\Application.cpp">
      <Filter>MKEngine\Core</Filter>
    </ClCompile>
    <ClCompile Include="src\MKEngine\Core\Layer.cpp">
      <Filter>MKEngine\Core</Filter>
    </ClCompile>
    <ClCompile Include="src\MKEngine\Core\LayerStack.cpp">
      <Filter>MKEngine\Core</Filter>
    </ClCompile>
    <ClCompile Include="src\MKEngine\Core\Log.cpp">
      <Filter>MKEngine\Core</Filter>
    </ClCompile>
    <ClCompile Include="src\MKEngine\Platform\PlatformBackend.cpp">
      <Filter>MKEngine\Platform</Filter>
    </ClCompile>
    <ClCompile Include="src\MKEngine\Platform\RendererAPI.cpp">
      <Filter>MKEngine\Platform</Filter>
    </ClCompile>
    <ClCompile Include="src\MKEngine\Platform\RendererAPI\OpenGLRendererAPI.cpp">
      <Filter>MKEngine\Platform\RendererAPI</Filter>
    </ClCompile>
    <ClCompile Include="src\MKEngine\Platform\SDLbackend\SDLBackend.cpp">
      <Filter>MKEngine\Platform\SDLbackend</Filter>
    </ClCompile>
    <ClCompile Include="src\MKEngine\Platform\Window.cpp">
      <Filter>MKEngine\Platform</Filter>
    </ClCompile>
    <ClCompile Include="src\MKEngine\WindowsManager\WindowsManagerLayer.cpp">
      <Filter>MKEngine\WindowsManager</Filter>
    </ClCompile>
    <ClCompile Include="src\mkpch.cpp" />
    <ClCompile Include="src\MKEngine\Content\contentPipeline.cpp" />
    <ClCompile Include="src\MKEngine\Platform\RendererAPI\VulkanRendererAPI.cpp" />
    <ClCompile Include="src\MKEngine\Platform\RendererAPI\Vulkan\device.cpp" />
    <ClCompile Include="src\MKEngine\Platform\RendererAPI\Vulkan\vkExtern.cpp" />
    <ClCompile Include="src\MKEngine\Platform\RendererAPI\Vulkan\swapChain.cpp" />
    <ClCompile Include="src\MKEngine\Platform\RendererAPI\Vulkan\presentView.cpp" />
  </ItemGroup>
</Project>